
Microsoft Visual Studio Solution File, Format Version 12.00
# Visual Studio Version 17
VisualStudioVersion = 17.8.34004.107
MinimumVisualStudioVersion = 10.0.40219.1
Project("{FAE04EC0-301F-11D3-BF4B-00C04F79EFBC}") = "KafeProjesi", "KafeProjesi\KafeProjesi.csproj", "{D4D44269-7241-4306-A824-70AC5EEFEC23}"
EndProject
Global
	GlobalSection(SolutionConfigurationPlatforms) = preSolution
		Debug|Any CPU = Debug|Any CPU
		Release|Any CPU = Release|Any CPU
	EndGlobalSection
	GlobalSection(ProjectConfigurationPlatforms) = postSolution
		{D4D44269-7241-4306-A824-70AC5EEFEC23}.Debug|Any CPU.ActiveCfg = Debug|Any CPU
		{D4D44269-7241-4306-A824-70AC5EEFEC23}.Debug|Any CPU.Build.0 = Debug|Any CPU
		{D4D44269-7241-4306-A824-70AC5EEFEC23}.Release|Any CPU.ActiveCfg = Release|Any CPU
		{D4D44269-7241-4306-A824-70AC5EEFEC23}.Release|Any CPU.Build.0 = Release|Any CPU
	EndGlobalSection
	GlobalSection(SolutionProperties) = preSolution
		HideSolutionNode = FALSE
	EndGlobalSection
	GlobalSection(ExtensibilityGlobals) = postSolution
		SolutionGuid = {377B4651-B8A6-411A-8A50-7555BA7FE836}
	EndGlobalSection
EndGlobal
